// !$*UTF8*$!
{
	archiveVersion = 1;
	classes = {
	};
	objectVersion = 56;
	objects = {

/* Begin PBXBuildFile section */
		B64BABFE2C7B78C600344CD9 /* Result.swift in Sources */ = {isa = PBXBuildFile; fileRef = B64BABFD2C7B78C600344CD9 /* Result.swift */; };
		B64BAC002C805A2F00344CD9 /* ContentView-ViewModel.swift in Sources */ = {isa = PBXBuildFile; fileRef = B64BABFF2C805A2F00344CD9 /* ContentView-ViewModel.swift */; };
		B64BAC022C8118A900344CD9 /* EditView-ViewModel.swift in Sources */ = {isa = PBXBuildFile; fileRef = B64BAC012C8118A900344CD9 /* EditView-ViewModel.swift */; };
		B6D22BA72C68F48800FDC282 /* Project14BucketListApp.swift in Sources */ = {isa = PBXBuildFile; fileRef = B6D22BA62C68F48800FDC282 /* Project14BucketListApp.swift */; };
		B6D22BA92C68F48800FDC282 /* ContentView.swift in Sources */ = {isa = PBXBuildFile; fileRef = B6D22BA82C68F48800FDC282 /* ContentView.swift */; };
		B6D22BAB2C68F48A00FDC282 /* Assets.xcassets in Resources */ = {isa = PBXBuildFile; fileRef = B6D22BAA2C68F48A00FDC282 /* Assets.xcassets */; };
		B6D22BAE2C68F48A00FDC282 /* Preview Assets.xcassets in Resources */ = {isa = PBXBuildFile; fileRef = B6D22BAD2C68F48A00FDC282 /* Preview Assets.xcassets */; };
		B6D22BB62C68F4BF00FDC282 /* AddingConformanceToComparable.swift in Sources */ = {isa = PBXBuildFile; fileRef = B6D22BB52C68F4BF00FDC282 /* AddingConformanceToComparable.swift */; };
		B6D22BB82C68F81E00FDC282 /* WritingDataToDocuments.swift in Sources */ = {isa = PBXBuildFile; fileRef = B6D22BB72C68F81E00FDC282 /* WritingDataToDocuments.swift */; };
		B6D22BBA2C6998DF00FDC282 /* SwitchingViewStatesWithEnum.swift in Sources */ = {isa = PBXBuildFile; fileRef = B6D22BB92C6998DF00FDC282 /* SwitchingViewStatesWithEnum.swift */; };
		B6D22BBC2C699B0E00FDC282 /* IntegratingMapKitWithSwiftUI.swift in Sources */ = {isa = PBXBuildFile; fileRef = B6D22BBB2C699B0E00FDC282 /* IntegratingMapKitWithSwiftUI.swift */; };
		B6D22BBE2C69AA8200FDC282 /* UsingTouchIDandFaceID.swift in Sources */ = {isa = PBXBuildFile; fileRef = B6D22BBD2C69AA8200FDC282 /* UsingTouchIDandFaceID.swift */; };
		B6D22BC02C69B29900FDC282 /* Location.swift in Sources */ = {isa = PBXBuildFile; fileRef = B6D22BBF2C69B29900FDC282 /* Location.swift */; };
		B6D22C242C6A778300FDC282 /* EditView.swift in Sources */ = {isa = PBXBuildFile; fileRef = B6D22C232C6A778300FDC282 /* EditView.swift */; };
/* End PBXBuildFile section */

/* Begin PBXFileReference section */
		B64BABFD2C7B78C600344CD9 /* Result.swift */ = {isa = PBXFileReference; lastKnownFileType = sourcecode.swift; path = Result.swift; sourceTree = "<group>"; };
		B64BABFF2C805A2F00344CD9 /* ContentView-ViewModel.swift */ = {isa = PBXFileReference; lastKnownFileType = sourcecode.swift; path = "ContentView-ViewModel.swift"; sourceTree = "<group>"; };
		B64BAC012C8118A900344CD9 /* EditView-ViewModel.swift */ = {isa = PBXFileReference; lastKnownFileType = sourcecode.swift; path = "EditView-ViewModel.swift"; sourceTree = "<group>"; };
		B6D22BA32C68F48800FDC282 /* Project14BucketList.app */ = {isa = PBXFileReference; explicitFileType = wrapper.application; includeInIndex = 0; path = Project14BucketList.app; sourceTree = BUILT_PRODUCTS_DIR; };
		B6D22BA62C68F48800FDC282 /* Project14BucketListApp.swift */ = {isa = PBXFileReference; lastKnownFileType = sourcecode.swift; path = Project14BucketListApp.swift; sourceTree = "<group>"; };
		B6D22BA82C68F48800FDC282 /* ContentView.swift */ = {isa = PBXFileReference; lastKnownFileType = sourcecode.swift; path = ContentView.swift; sourceTree = "<group>"; };
		B6D22BAA2C68F48A00FDC282 /* Assets.xcassets */ = {isa = PBXFileReference; lastKnownFileType = folder.assetcatalog; path = Assets.xcassets; sourceTree = "<group>"; };
		B6D22BAD2C68F48A00FDC282 /* Preview Assets.xcassets */ = {isa = PBXFileReference; lastKnownFileType = folder.assetcatalog; path = "Preview Assets.xcassets"; sourceTree = "<group>"; };
		B6D22BB52C68F4BF00FDC282 /* AddingConformanceToComparable.swift */ = {isa = PBXFileReference; lastKnownFileType = sourcecode.swift; path = AddingConformanceToComparable.swift; sourceTree = "<group>"; };
		B6D22BB72C68F81E00FDC282 /* WritingDataToDocuments.swift */ = {isa = PBXFileReference; lastKnownFileType = sourcecode.swift; path = WritingDataToDocuments.swift; sourceTree = "<group>"; };
		B6D22BB92C6998DF00FDC282 /* SwitchingViewStatesWithEnum.swift */ = {isa = PBXFileReference; lastKnownFileType = sourcecode.swift; path = SwitchingViewStatesWithEnum.swift; sourceTree = "<group>"; };
		B6D22BBB2C699B0E00FDC282 /* IntegratingMapKitWithSwiftUI.swift */ = {isa = PBXFileReference; lastKnownFileType = sourcecode.swift; path = IntegratingMapKitWithSwiftUI.swift; sourceTree = "<group>"; };
		B6D22BBD2C69AA8200FDC282 /* UsingTouchIDandFaceID.swift */ = {isa = PBXFileReference; lastKnownFileType = sourcecode.swift; path = UsingTouchIDandFaceID.swift; sourceTree = "<group>"; };
		B6D22BBF2C69B29900FDC282 /* Location.swift */ = {isa = PBXFileReference; lastKnownFileType = sourcecode.swift; path = Location.swift; sourceTree = "<group>"; };
		B6D22C232C6A778300FDC282 /* EditView.swift */ = {isa = PBXFileReference; lastKnownFileType = sourcecode.swift; path = EditView.swift; sourceTree = "<group>"; };
/* End PBXFileReference section */

/* Begin PBXFrameworksBuildPhase section */
		B6D22BA02C68F48800FDC282 /* Frameworks */ = {
			isa = PBXFrameworksBuildPhase;
			buildActionMask = 2147483647;
			files = (
			);
			runOnlyForDeploymentPostprocessing = 0;
		};
/* End PBXFrameworksBuildPhase section */

/* Begin PBXGroup section */
		B6D22B9A2C68F48800FDC282 = {
			isa = PBXGroup;
			children = (
				B6D22BA52C68F48800FDC282 /* Project14BucketList */,
				B6D22BA42C68F48800FDC282 /* Products */,
			);
			sourceTree = "<group>";
		};
		B6D22BA42C68F48800FDC282 /* Products */ = {
			isa = PBXGroup;
			children = (
				B6D22BA32C68F48800FDC282 /* Project14BucketList.app */,
			);
			name = Products;
			sourceTree = "<group>";
		};
		B6D22BA52C68F48800FDC282 /* Project14BucketList */ = {
			isa = PBXGroup;
			children = (
				B6D22BB42C68F49400FDC282 /* Learning */,
				B6D22BA62C68F48800FDC282 /* Project14BucketListApp.swift */,
				B64BABFF2C805A2F00344CD9 /* ContentView-ViewModel.swift */,
				B64BABFD2C7B78C600344CD9 /* Result.swift */,
				B64BAC012C8118A900344CD9 /* EditView-ViewModel.swift */,
				B6D22BA82C68F48800FDC282 /* ContentView.swift */,
				B6D22C232C6A778300FDC282 /* EditView.swift */,
				B6D22BBF2C69B29900FDC282 /* Location.swift */,
				B6D22BAA2C68F48A00FDC282 /* Assets.xcassets */,
				B6D22BAC2C68F48A00FDC282 /* Preview Content */,
			);
			path = Project14BucketList;
			sourceTree = "<group>";
		};
		B6D22BAC2C68F48A00FDC282 /* Preview Content */ = {
			isa = PBXGroup;
			children = (
				B6D22BAD2C68F48A00FDC282 /* Preview Assets.xcassets */,
			);
			path = "Preview Content";
			sourceTree = "<group>";
		};
		B6D22BB42C68F49400FDC282 /* Learning */ = {
			isa = PBXGroup;
			children = (
				B6D22BB52C68F4BF00FDC282 /* AddingConformanceToComparable.swift */,
				B6D22BB72C68F81E00FDC282 /* WritingDataToDocuments.swift */,
				B6D22BB92C6998DF00FDC282 /* SwitchingViewStatesWithEnum.swift */,
				B6D22BBB2C699B0E00FDC282 /* IntegratingMapKitWithSwiftUI.swift */,
				B6D22BBD2C69AA8200FDC282 /* UsingTouchIDandFaceID.swift */,
			);
			path = Learning;
			sourceTree = "<group>";
		};
/* End PBXGroup section */

/* Begin PBXNativeTarget section */
		B6D22BA22C68F48800FDC282 /* Project14BucketList */ = {
			isa = PBXNativeTarget;
			buildConfigurationList = B6D22BB12C68F48A00FDC282 /* Build configuration list for PBXNativeTarget "Project14BucketList" */;
			buildPhases = (
				B6D22B9F2C68F48800FDC282 /* Sources */,
				B6D22BA02C68F48800FDC282 /* Frameworks */,
				B6D22BA12C68F48800FDC282 /* Resources */,
			);
			buildRules = (
			);
			dependencies = (
			);
			name = Project14BucketList;
			productName = Project14BucketList;
			productReference = B6D22BA32C68F48800FDC282 /* Project14BucketList.app */;
			productType = "com.apple.product-type.application";
		};
/* End PBXNativeTarget section */

/* Begin PBXProject section */
		B6D22B9B2C68F48800FDC282 /* Project object */ = {
			isa = PBXProject;
			attributes = {
				BuildIndependentTargetsInParallel = 1;
				LastSwiftUpdateCheck = 1540;
				LastUpgradeCheck = 1540;
				TargetAttributes = {
					B6D22BA22C68F48800FDC282 = {
						CreatedOnToolsVersion = 15.4;
					};
				};
			};
			buildConfigurationList = B6D22B9E2C68F48800FDC282 /* Build configuration list for PBXProject "Project14BucketList" */;
			compatibilityVersion = "Xcode 14.0";
			developmentRegion = en;
			hasScannedForEncodings = 0;
			knownRegions = (
				en,
				Base,
			);
			mainGroup = B6D22B9A2C68F48800FDC282;
			productRefGroup = B6D22BA42C68F48800FDC282 /* Products */;
			projectDirPath = "";
			projectRoot = "";
			targets = (
				B6D22BA22C68F48800FDC282 /* Project14BucketList */,
			);
		};
/* End PBXProject section */

/* Begin PBXResourcesBuildPhase section */
		B6D22BA12C68F48800FDC282 /* Resources */ = {
			isa = PBXResourcesBuildPhase;
			buildActionMask = 2147483647;
			files = (
				B6D22BAE2C68F48A00FDC282 /* Preview Assets.xcassets in Resources */,
				B6D22BAB2C68F48A00FDC282 /* Assets.xcassets in Resources */,
			);
			runOnlyForDeploymentPostprocessing = 0;
		};
/* End PBXResourcesBuildPhase section */

/* Begin PBXSourcesBuildPhase section */
		B6D22B9F2C68F48800FDC282 /* Sources */ = {
			isa = PBXSourcesBuildPhase;
			buildActionMask = 2147483647;
			files = (
				B6D22BA92C68F48800FDC282 /* ContentView.swift in Sources */,
				B6D22BBE2C69AA8200FDC282 /* UsingTouchIDandFaceID.swift in Sources */,
				B6D22BC02C69B29900FDC282 /* Location.swift in Sources */,
				B6D22BA72C68F48800FDC282 /* Project14BucketListApp.swift in Sources */,
				B6D22BBC2C699B0E00FDC282 /* IntegratingMapKitWithSwiftUI.swift in Sources */,
				B64BAC022C8118A900344CD9 /* EditView-ViewModel.swift in Sources */,
				B6D22C242C6A778300FDC282 /* EditView.swift in Sources */,
				B64BABFE2C7B78C600344CD9 /* Result.swift in Sources */,
				B64BAC002C805A2F00344CD9 /* ContentView-ViewModel.swift in Sources */,
				B6D22BB82C68F81E00FDC282 /* WritingDataToDocuments.swift in Sources */,
				B6D22BBA2C6998DF00FDC282 /* SwitchingViewStatesWithEnum.swift in Sources */,
				B6D22BB62C68F4BF00FDC282 /* AddingConformanceToComparable.swift in Sources */,
			);
			runOnlyForDeploymentPostprocessing = 0;
		};
/* End PBXSourcesBuildPhase section */

/* Begin XCBuildConfiguration section */
		B6D22BAF2C68F48A00FDC282 /* Debug */ = {
			isa = XCBuildConfiguration;
			buildSettings = {
				ALWAYS_SEARCH_USER_PATHS = NO;
				ASSETCATALOG_COMPILER_GENERATE_SWIFT_ASSET_SYMBOL_EXTENSIONS = YES;
				CLANG_ANALYZER_NONNULL = YES;
				CLANG_ANALYZER_NUMBER_OBJECT_CONVERSION = YES_AGGRESSIVE;
				CLANG_CXX_LANGUAGE_STANDARD = "gnu++20";
				CLANG_ENABLE_MODULES = YES;
				CLANG_ENABLE_OBJC_ARC = YES;
				CLANG_ENABLE_OBJC_WEAK = YES;
				CLANG_WARN_BLOCK_CAPTURE_AUTORELEASING = YES;
				CLANG_WARN_BOOL_CONVERSION = YES;
				CLANG_WARN_COMMA = YES;
				CLANG_WARN_CONSTANT_CONVERSION = YES;
				CLANG_WARN_DEPRECATED_OBJC_IMPLEMENTATIONS = YES;
				CLANG_WARN_DIRECT_OBJC_ISA_USAGE = YES_ERROR;
				CLANG_WARN_DOCUMENTATION_COMMENTS = YES;
				CLANG_WARN_EMPTY_BODY = YES;
				CLANG_WARN_ENUM_CONVERSION = YES;
				CLANG_WARN_INFINITE_RECURSION = YES;
				CLANG_WARN_INT_CONVERSION = YES;
				CLANG_WARN_NON_LITERAL_NULL_CONVERSION = YES;
				CLANG_WARN_OBJC_IMPLICIT_RETAIN_SELF = YES;
				CLANG_WARN_OBJC_LITERAL_CONVERSION = YES;
				CLANG_WARN_OBJC_ROOT_CLASS = YES_ERROR;
				CLANG_WARN_QUOTED_INCLUDE_IN_FRAMEWORK_HEADER = YES;
				CLANG_WARN_RANGE_LOOP_ANALYSIS = YES;
				CLANG_WARN_STRICT_PROTOTYPES = YES;
				CLANG_WARN_SUSPICIOUS_MOVE = YES;
				CLANG_WARN_UNGUARDED_AVAILABILITY = YES_AGGRESSIVE;
				CLANG_WARN_UNREACHABLE_CODE = YES;
				CLANG_WARN__DUPLICATE_METHOD_MATCH = YES;
				COPY_PHASE_STRIP = NO;
				DEBUG_INFORMATION_FORMAT = dwarf;
				ENABLE_STRICT_OBJC_MSGSEND = YES;
				ENABLE_TESTABILITY = YES;
				ENABLE_USER_SCRIPT_SANDBOXING = YES;
				GCC_C_LANGUAGE_STANDARD = gnu17;
				GCC_DYNAMIC_NO_PIC = NO;
				GCC_NO_COMMON_BLOCKS = YES;
				GCC_OPTIMIZATION_LEVEL = 0;
				GCC_PREPROCESSOR_DEFINITIONS = (
					"DEBUG=1",
					"$(inherited)",
				);
				GCC_WARN_64_TO_32_BIT_CONVERSION = YES;
				GCC_WARN_ABOUT_RETURN_TYPE = YES_ERROR;
				GCC_WARN_UNDECLARED_SELECTOR = YES;
				GCC_WARN_UNINITIALIZED_AUTOS = YES_AGGRESSIVE;
				GCC_WARN_UNUSED_FUNCTION = YES;
				GCC_WARN_UNUSED_VARIABLE = YES;
				IPHONEOS_DEPLOYMENT_TARGET = 17.5;
				LOCALIZATION_PREFERS_STRING_CATALOGS = YES;
				MTL_ENABLE_DEBUG_INFO = INCLUDE_SOURCE;
				MTL_FAST_MATH = YES;
				ONLY_ACTIVE_ARCH = YES;
				SDKROOT = iphoneos;
				SWIFT_ACTIVE_COMPILATION_CONDITIONS = "DEBUG $(inherited)";
				SWIFT_OPTIMIZATION_LEVEL = "-Onone";
			};
			name = Debug;
		};
		B6D22BB02C68F48A00FDC282 /* Release */ = {
			isa = XCBuildConfiguration;
			buildSettings = {
				ALWAYS_SEARCH_USER_PATHS = NO;
				ASSETCATALOG_COMPILER_GENERATE_SWIFT_ASSET_SYMBOL_EXTENSIONS = YES;
				CLANG_ANALYZER_NONNULL = YES;
				CLANG_ANALYZER_NUMBER_OBJECT_CONVERSION = YES_AGGRESSIVE;
				CLANG_CXX_LANGUAGE_STANDARD = "gnu++20";
				CLANG_ENABLE_MODULES = YES;
				CLANG_ENABLE_OBJC_ARC = YES;
				CLANG_ENABLE_OBJC_WEAK = YES;
				CLANG_WARN_BLOCK_CAPTURE_AUTORELEASING = YES;
				CLANG_WARN_BOOL_CONVERSION = YES;
				CLANG_WARN_COMMA = YES;
				CLANG_WARN_CONSTANT_CONVERSION = YES;
				CLANG_WARN_DEPRECATED_OBJC_IMPLEMENTATIONS = YES;
				CLANG_WARN_DIRECT_OBJC_ISA_USAGE = YES_ERROR;
				CLANG_WARN_DOCUMENTATION_COMMENTS = YES;
				CLANG_WARN_EMPTY_BODY = YES;
				CLANG_WARN_ENUM_CONVERSION = YES;
				CLANG_WARN_INFINITE_RECURSION = YES;
				CLANG_WARN_INT_CONVERSION = YES;
				CLANG_WARN_NON_LITERAL_NULL_CONVERSION = YES;
				CLANG_WARN_OBJC_IMPLICIT_RETAIN_SELF = YES;
				CLANG_WARN_OBJC_LITERAL_CONVERSION = YES;
				CLANG_WARN_OBJC_ROOT_CLASS = YES_ERROR;
				CLANG_WARN_QUOTED_INCLUDE_IN_FRAMEWORK_HEADER = YES;
				CLANG_WARN_RANGE_LOOP_ANALYSIS = YES;
				CLANG_WARN_STRICT_PROTOTYPES = YES;
				CLANG_WARN_SUSPICIOUS_MOVE = YES;
				CLANG_WARN_UNGUARDED_AVAILABILITY = YES_AGGRESSIVE;
				CLANG_WARN_UNREACHABLE_CODE = YES;
				CLANG_WARN__DUPLICATE_METHOD_MATCH = YES;
				COPY_PHASE_STRIP = NO;
				DEBUG_INFORMATION_FORMAT = "dwarf-with-dsym";
				ENABLE_NS_ASSERTIONS = NO;
				ENABLE_STRICT_OBJC_MSGSEND = YES;
				ENABLE_USER_SCRIPT_SANDBOXING = YES;
				GCC_C_LANGUAGE_STANDARD = gnu17;
				GCC_NO_COMMON_BLOCKS = YES;
				GCC_WARN_64_TO_32_BIT_CONVERSION = YES;
				GCC_WARN_ABOUT_RETURN_TYPE = YES_ERROR;
				GCC_WARN_UNDECLARED_SELECTOR = YES;
				GCC_WARN_UNINITIALIZED_AUTOS = YES_AGGRESSIVE;
				GCC_WARN_UNUSED_FUNCTION = YES;
				GCC_WARN_UNUSED_VARIABLE = YES;
				IPHONEOS_DEPLOYMENT_TARGET = 17.5;
				LOCALIZATION_PREFERS_STRING_CATALOGS = YES;
				MTL_ENABLE_DEBUG_INFO = NO;
				MTL_FAST_MATH = YES;
				SDKROOT = iphoneos;
				SWIFT_COMPILATION_MODE = wholemodule;
				VALIDATE_PRODUCT = YES;
			};
			name = Release;
		};
		B6D22BB22C68F48A00FDC282 /* Debug */ = {
			isa = XCBuildConfiguration;
			buildSettings = {
				ASSETCATALOG_COMPILER_APPICON_NAME = AppIcon;
				ASSETCATALOG_COMPILER_GLOBAL_ACCENT_COLOR_NAME = AccentColor;
				CODE_SIGN_STYLE = Automatic;
				CURRENT_PROJECT_VERSION = 1;
				DEVELOPMENT_ASSET_PATHS = "\"Project14BucketList/Preview Content\"";
				DEVELOPMENT_TEAM = 9675LQ3TRQ;
				ENABLE_PREVIEWS = YES;
				GENERATE_INFOPLIST_FILE = YES;
				INFOPLIST_KEY_NSFaceIDUsageDescription = "";
				INFOPLIST_KEY_UIApplicationSceneManifest_Generation = YES;
				INFOPLIST_KEY_UIApplicationSupportsIndirectInputEvents = YES;
				INFOPLIST_KEY_UILaunchScreen_Generation = YES;
				INFOPLIST_KEY_UISupportedInterfaceOrientations_iPad = "UIInterfaceOrientationPortrait UIInterfaceOrientationPortraitUpsideDown UIInterfaceOrientationLandscapeLeft UIInterfaceOrientationLandscapeRight";
				INFOPLIST_KEY_UISupportedInterfaceOrientations_iPhone = "UIInterfaceOrientationPortrait UIInterfaceOrientationLandscapeLeft UIInterfaceOrientationLandscapeRight";
				LD_RUNPATH_SEARCH_PATHS = (
					"$(inherited)",
					"@executable_path/Frameworks",
				);
				MARKETING_VERSION = 1.0;
				PRODUCT_BUNDLE_IDENTIFIER = me.panwararyan.Project14BucketList;
				PRODUCT_NAME = "$(TARGET_NAME)";
				SWIFT_EMIT_LOC_STRINGS = YES;
				SWIFT_VERSION = 5.0;
				TARGETED_DEVICE_FAMILY = "1,2";
			};
			name = Debug;
		};
		B6D22BB32C68F48A00FDC282 /* Release */ = {
			isa = XCBuildConfiguration;
			buildSettings = {
				ASSETCATALOG_COMPILER_APPICON_NAME = AppIcon;
				ASSETCATALOG_COMPILER_GLOBAL_ACCENT_COLOR_NAME = AccentColor;
				CODE_SIGN_STYLE = Automatic;
				CURRENT_PROJECT_VERSION = 1;
				DEVELOPMENT_ASSET_PATHS = "\"Project14BucketList/Preview Content\"";
				DEVELOPMENT_TEAM = 9675LQ3TRQ;
				ENABLE_PREVIEWS = YES;
				GENERATE_INFOPLIST_FILE = YES;
				INFOPLIST_KEY_NSFaceIDUsageDescription = "";
				INFOPLIST_KEY_UIApplicationSceneManifest_Generation = YES;
				INFOPLIST_KEY_UIApplicationSupportsIndirectInputEvents = YES;
				INFOPLIST_KEY_UILaunchScreen_Generation = YES;
				INFOPLIST_KEY_UISupportedInterfaceOrientations_iPad = "UIInterfaceOrientationPortrait UIInterfaceOrientationPortraitUpsideDown UIInterfaceOrientationLandscapeLeft UIInterfaceOrientationLandscapeRight";
				INFOPLIST_KEY_UISupportedInterfaceOrientations_iPhone = "UIInterfaceOrientationPortrait UIInterfaceOrientationLandscapeLeft UIInterfaceOrientationLandscapeRight";
				LD_RUNPATH_SEARCH_PATHS = (
					"$(inherited)",
					"@executable_path/Frameworks",
				);
				MARKETING_VERSION = 1.0;
				PRODUCT_BUNDLE_IDENTIFIER = me.panwararyan.Project14BucketList;
				PRODUCT_NAME = "$(TARGET_NAME)";
				SWIFT_EMIT_LOC_STRINGS = YES;
				SWIFT_VERSION = 5.0;
				TARGETED_DEVICE_FAMILY = "1,2";
			};
			name = Release;
		};
/* End XCBuildConfiguration section */

/* Begin XCConfigurationList section */
		B6D22B9E2C68F48800FDC282 /* Build configuration list for PBXProject "Project14BucketList" */ = {
			isa = XCConfigurationList;
			buildConfigurations = (
				B6D22BAF2C68F48A00FDC282 /* Debug */,
				B6D22BB02C68F48A00FDC282 /* Release */,
			);
			defaultConfigurationIsVisible = 0;
			defaultConfigurationName = Release;
		};
		B6D22BB12C68F48A00FDC282 /* Build configuration list for PBXNativeTarget "Project14BucketList" */ = {
			isa = XCConfigurationList;
			buildConfigurations = (
				B6D22BB22C68F48A00FDC282 /* Debug */,
				B6D22BB32C68F48A00FDC282 /* Release */,
			);
			defaultConfigurationIsVisible = 0;
			defaultConfigurationName = Release;
		};
/* End XCConfigurationList section */
	};
	rootObject = B6D22B9B2C68F48800FDC282 /* Project object */;
}
